
Microsoft Visual Studio Solution File, Format Version 12.00
# Visual Studio Version 17
VisualStudioVersion = 17.9.34616.47
MinimumVisualStudioVersion = 10.0.40219.1
Project("{9A19103F-16F7-4668-BE54-9A1E7A4F7556}") = "ClassLibrary", "ClassLibrary1\ClassLibrary.csproj", "{B9B69C61-1E0B-4FFE-AE9F-0026EFA04598}"
EndProject
Project("{FAE04EC0-301F-11D3-BF4B-00C04F79EFBC}") = "ConsoleApp", "ConsoleApp\ConsoleApp.csproj", "{18AF58DD-8F2F-49BC-A8E9-A65A4D6ED35B}"
EndProject
Global
	GlobalSection(SolutionConfigurationPlatforms) = preSolution
		Debug|Any CPU = Debug|Any CPU
		Release|Any CPU = Release|Any CPU
	EndGlobalSection
	GlobalSection(ProjectConfigurationPlatforms) = postSolution
		{B9B69C61-1E0B-4FFE-AE9F-0026EFA04598}.Debug|Any CPU.ActiveCfg = Debug|Any CPU
		{B9B69C61-1E0B-4FFE-AE9F-0026EFA04598}.Debug|Any CPU.Build.0 = Debug|Any CPU
		{B9B69C61-1E0B-4FFE-AE9F-0026EFA04598}.Release|Any CPU.ActiveCfg = Release|Any CPU
		{B9B69C61-1E0B-4FFE-AE9F-0026EFA04598}.Release|Any CPU.Build.0 = Release|Any CPU
		{18AF58DD-8F2F-49BC-A8E9-A65A4D6ED35B}.Debug|Any CPU.ActiveCfg = Debug|Any CPU
		{18AF58DD-8F2F-49BC-A8E9-A65A4D6ED35B}.Debug|Any CPU.Build.0 = Debug|Any CPU
		{18AF58DD-8F2F-49BC-A8E9-A65A4D6ED35B}.Release|Any CPU.ActiveCfg = Release|Any CPU
		{18AF58DD-8F2F-49BC-A8E9-A65A4D6ED35B}.Release|Any CPU.Build.0 = Release|Any CPU
	EndGlobalSection
	GlobalSection(SolutionProperties) = preSolution
		HideSolutionNode = FALSE
	EndGlobalSection
	GlobalSection(ExtensibilityGlobals) = postSolution
		SolutionGuid = {0C13B69A-FD67-40DD-9965-C800106DF8F4}
	EndGlobalSection
EndGlobal
