
Microsoft Visual Studio Solution File, Format Version 12.00
# Visual Studio Version 17
VisualStudioVersion = 17.9.34616.47
MinimumVisualStudioVersion = 10.0.40219.1
Project("{FAE04EC0-301F-11D3-BF4B-00C04F79EFBC}") = "ClassLibrary", "ClassLibrary\ClassLibrary.csproj", "{9462B55B-4BB8-485A-BB47-26EDCD208C77}"
EndProject
Project("{FAE04EC0-301F-11D3-BF4B-00C04F79EFBC}") = "ConsoleApp", "ConsoleApp\ConsoleApp.csproj", "{75DA5B72-8AB6-4C63-84DA-EBFBF1ED91F6}"
EndProject
Global
	GlobalSection(SolutionConfigurationPlatforms) = preSolution
		Debug|Any CPU = Debug|Any CPU
		Release|Any CPU = Release|Any CPU
	EndGlobalSection
	GlobalSection(ProjectConfigurationPlatforms) = postSolution
		{9462B55B-4BB8-485A-BB47-26EDCD208C77}.Debug|Any CPU.ActiveCfg = Debug|Any CPU
		{9462B55B-4BB8-485A-BB47-26EDCD208C77}.Debug|Any CPU.Build.0 = Debug|Any CPU
		{9462B55B-4BB8-485A-BB47-26EDCD208C77}.Release|Any CPU.ActiveCfg = Release|Any CPU
		{9462B55B-4BB8-485A-BB47-26EDCD208C77}.Release|Any CPU.Build.0 = Release|Any CPU
		{75DA5B72-8AB6-4C63-84DA-EBFBF1ED91F6}.Debug|Any CPU.ActiveCfg = Debug|Any CPU
		{75DA5B72-8AB6-4C63-84DA-EBFBF1ED91F6}.Debug|Any CPU.Build.0 = Debug|Any CPU
		{75DA5B72-8AB6-4C63-84DA-EBFBF1ED91F6}.Release|Any CPU.ActiveCfg = Release|Any CPU
		{75DA5B72-8AB6-4C63-84DA-EBFBF1ED91F6}.Release|Any CPU.Build.0 = Release|Any CPU
	EndGlobalSection
	GlobalSection(SolutionProperties) = preSolution
		HideSolutionNode = FALSE
	EndGlobalSection
	GlobalSection(ExtensibilityGlobals) = postSolution
		SolutionGuid = {0C13B69A-FD67-40DD-9965-C800106DF8F4}
	EndGlobalSection
EndGlobal
